langcode: en
status: true
dependencies:
  config:
    - field.storage.node.field_gigya_sign_up_block
    - node.type.page
    - paragraphs.paragraphs_type.gigya_paragraph
  module:
    - datalayer
    - entity_reference_revisions
third_party_settings:
  datalayer:
    expose: 0
    label: field_gigya_sign_up_block
id: node.page.field_gigya_sign_up_block
field_name: field_gigya_sign_up_block
entity_type: node
bundle: page
label: 'Gigya sign up block'
description: ''
required: false
translatable: false
default_value: {  }
default_value_callback: ''
settings:
  handler: 'default:paragraph'
  handler_settings:
    negate: 0
    target_bundles:
      gigya_paragraph: gigya_paragraph
    target_bundles_drag_drop:
      bazaar:
        weight: 105
        enabled: false
      bp_accordion:
        weight: 106
        enabled: false
      bp_accordion_section:
        weight: 107
        enabled: false
      bp_blank:
        weight: 108
        enabled: false
      bp_block:
        weight: 109
        enabled: false
      bp_carousel:
        weight: 110
        enabled: false
      bp_column_wrapper:
        weight: 114
        enabled: false
      bp_columns:
        weight: 111
        enabled: false
      bp_columns_three_uneven:
        weight: 112
        enabled: false
      bp_columns_two_uneven:
        weight: 113
        enabled: false
      bp_image:
        weight: 115
        enabled: false
      bp_modal:
        weight: 116
        enabled: false
      bp_simple:
        weight: 117
        enabled: false
      bp_tab_section:
        weight: 119
        enabled: false
      bp_tabs:
        weight: 118
        enabled: false
      bp_view:
        weight: 120
        enabled: false
      bp_webform:
        weight: 121
        enabled: false
      gigya_paragraph:
        enabled: true
        weight: 208
      hcp_site_switcher:
        weight: 122
        enabled: false
      image:
        weight: 123
        enabled: false
      image_body:
        weight: 124
        enabled: false
      layout_25_25_50:
        weight: 125
        enabled: false
      layout_25_50_25:
        weight: 126
        enabled: false
      layout_25_75:
        weight: 127
        enabled: false
      layout_33_66:
        weight: 128
        enabled: false
      layout_50_25_25:
        weight: 129
        enabled: false
      layout_66_33:
        weight: 130
        enabled: false
      layout_75_25:
        weight: 131
        enabled: false
      layout_columns_1:
        weight: 132
        enabled: false
      layout_columns_2:
        weight: 133
        enabled: false
      layout_columns_20:
        weight: 134
        enabled: false
      layout_columns_3:
        weight: 135
        enabled: false
      layout_columns_4:
        weight: 136
        enabled: false
      masthead:
        weight: 137
        enabled: false
      masthead_webaulas:
        weight: 138
        enabled: false
      nhs_office_search:
        weight: 196
        enabled: false
      nhsc_about_us_banner:
        weight: 139
        enabled: false
      nhsc_banner_component:
        weight: 140
        enabled: false
      nhsc_biography_caption:
        weight: 141
        enabled: false
      nhsc_brand_accordion:
        weight: 142
        enabled: false
      nhsc_brand_hero_banner:
        weight: 143
        enabled: false
      nhsc_brand_product_line:
        weight: 144
        enabled: false
      nhsc_button:
        weight: 145
        enabled: false
      nhsc_buy_now_paragraph:
        weight: 146
        enabled: false
      nhsc_color_columns:
        weight: 147
        enabled: false
      nhsc_column_component:
        weight: 148
        enabled: false
      nhsc_column_items:
        weight: 149
        enabled: false
      nhsc_comparison_table:
        weight: 150
        enabled: false
      nhsc_content_heading:
        weight: 151
        enabled: false
      nhsc_content_slider:
        weight: 152
        enabled: false
      nhsc_copy_and_button:
        weight: 153
        enabled: false
      nhsc_expandable_paragraph:
        weight: 154
        enabled: false
      nhsc_faq:
        weight: 155
        enabled: false
      nhsc_flexible_grid:
        weight: 156
        enabled: false
      nhsc_flexible_grid_item:
        weight: 157
        enabled: false
      nhsc_full_banner:
        weight: 158
        enabled: false
      nhsc_health_management_landing:
        weight: 159
        enabled: false
      nhsc_hero_banner:
        weight: 160
        enabled: false
      nhsc_hover_component:
        weight: 161
        enabled: false
      nhsc_hover_items:
        weight: 162
        enabled: false
      nhsc_image_and_content_slider:
        weight: 163
        enabled: false
      nhsc_image_and_text_column:
        weight: 164
        enabled: false
      nhsc_image_content_slider_top:
        weight: 165
        enabled: false
      nhsc_info_icons:
        weight: 166
        enabled: false
      nhsc_link_card:
        weight: 167
        enabled: false
      nhsc_link_card_container:
        weight: 168
        enabled: false
      nhsc_logo_componant:
        weight: 169
        enabled: false
      nhsc_mobile_expand:
        weight: 170
        enabled: false
      nhsc_mobile_expand_component:
        weight: 171
        enabled: false
      nhsc_multi_column:
        weight: 174
        enabled: false
      nhsc_multiple_faq:
        weight: 172
        enabled: false
      nhsc_multiple_faq_item:
        weight: 173
        enabled: false
      nhsc_nutritional_table:
        weight: 175
        enabled: false
      nhsc_paragraph_icon:
        weight: 176
        enabled: false
      nhsc_people:
        weight: 177
        enabled: false
      nhsc_plain_content:
        weight: 178
        enabled: false
      nhsc_product_comparison:
        weight: 179
        enabled: false
      nhsc_product_comparison_items:
        weight: 180
        enabled: false
      nhsc_product_comparison_labels:
        weight: 181
        enabled: false
      nhsc_product_gallery_and_intro:
        weight: 182
        enabled: false
      nhsc_product_specifications:
        weight: 183
        enabled: false
      nhsc_product_warning:
        weight: 184
        enabled: false
      nhsc_read_more:
        weight: 185
        enabled: false
      nhsc_related_products:
        weight: 186
        enabled: false
      nhsc_separator_line:
        weight: 187
        enabled: false
      nhsc_small_icon_and_heading:
        weight: 188
        enabled: false
      nhsc_sub_category_component:
        weight: 189
        enabled: false
      nhsc_text_and_image:
        weight: 190
        enabled: false
      nhsc_text_slider:
        weight: 191
        enabled: false
      nhsc_thumbnail_items:
        weight: 192
        enabled: false
      nhsc_thumbnail_slider:
        weight: 193
        enabled: false
      nhsc_uneven_columns:
        weight: 194
        enabled: false
      nhsc_video:
        weight: 195
        enabled: false
      plain_text:
        weight: 197
        enabled: false
      presenter:
        weight: 198
        enabled: false
      product_selector_section:
        weight: 199
        enabled: false
      recipe_items:
        weight: 200
        enabled: false
      section_title_and_description:
        weight: 201
        enabled: false
      simple:
        weight: 202
        enabled: false
      site_switcher_setting:
        weight: 203
        enabled: false
      slider:
        weight: 204
        enabled: false
      slider_items:
        weight: 205
        enabled: false
      tag_links:
        weight: 206
        enabled: false
      topics_and_formats:
        weight: 207
        enabled: false
field_type: entity_reference_revisions
